// !$*UTF8*$!
{
	archiveVersion = 1;
	classes = {
	};
	objectVersion = 56;
	objects = {

/* Begin PBXBuildFile section */
		F5A3B45D2BB4FE150063581C /* AppDelegate.swift in Sources */ = {isa = PBXBuildFile; fileRef = F5A3B45C2BB4FE150063581C /* AppDelegate.swift */; };
		F5A3B45F2BB4FE150063581C /* SceneDelegate.swift in Sources */ = {isa = PBXBuildFile; fileRef = F5A3B45E2BB4FE150063581C /* SceneDelegate.swift */; };
		F5A3B4612BB4FE150063581C /* ViewController.swift in Sources */ = {isa = PBXBuildFile; fileRef = F5A3B4602BB4FE150063581C /* ViewController.swift */; };
		F5A3B4642BB4FE150063581C /* Base in Resources */ = {isa = PBXBuildFile; fileRef = F5A3B4632BB4FE150063581C /* Base */; };
		F5A3B4662BB4FE150063581C /* Assets.xcassets in Resources */ = {isa = PBXBuildFile; fileRef = F5A3B4652BB4FE150063581C /* Assets.xcassets */; };
		F5A3B4692BB4FE160063581C /* Base in Resources */ = {isa = PBXBuildFile; fileRef = F5A3B4682BB4FE160063581C /* Base */; };
		F5A3B4742BB4FE160063581C /* TableStoryTests.swift in Sources */ = {isa = PBXBuildFile; fileRef = F5A3B4732BB4FE160063581C /* TableStoryTests.swift */; };
		F5A3B47E2BB4FE160063581C /* TableStoryUITests.swift in Sources */ = {isa = PBXBuildFile; fileRef = F5A3B47D2BB4FE160063581C /* TableStoryUITests.swift */; };
		F5A3B4802BB4FE160063581C /* TableStoryUITestsLaunchTests.swift in Sources */ = {isa = PBXBuildFile; fileRef = F5A3B47F2BB4FE160063581C /* TableStoryUITestsLaunchTests.swift */; };
		F5A3B4932BB506470063581C /* DetailViewController.swift in Sources */ = {isa = PBXBuildFile; fileRef = F5A3B4922BB506470063581C /* DetailViewController.swift */; };
/* End PBXBuildFile section */

/* Begin PBXContainerItemProxy section */
		F5A3B4702BB4FE160063581C /* PBXContainerItemProxy */ = {
			isa = PBXContainerItemProxy;
			containerPortal = F5A3B4512BB4FE140063581C /* Project object */;
			proxyType = 1;
			remoteGlobalIDString = F5A3B4582BB4FE140063581C;
			remoteInfo = TableStory;
		};
		F5A3B47A2BB4FE160063581C /* PBXContainerItemProxy */ = {
			isa = PBXContainerItemProxy;
			containerPortal = F5A3B4512BB4FE140063581C /* Project object */;
			proxyType = 1;
			remoteGlobalIDString = F5A3B4582BB4FE140063581C;
			remoteInfo = TableStory;
		};
/* End PBXContainerItemProxy section */

/* Begin PBXFileReference section */
		F5A3B4592BB4FE150063581C /* TableStory.app */ = {isa = PBXFileReference; explicitFileType = wrapper.application; includeInIndex = 0; path = TableStory.app; sourceTree = BUILT_PRODUCTS_DIR; };
		F5A3B45C2BB4FE150063581C /* AppDelegate.swift */ = {isa = PBXFileReference; lastKnownFileType = sourcecode.swift; path = AppDelegate.swift; sourceTree = "<group>"; };
		F5A3B45E2BB4FE150063581C /* SceneDelegate.swift */ = {isa = PBXFileReference; lastKnownFileType = sourcecode.swift; path = SceneDelegate.swift; sourceTree = "<group>"; };
		F5A3B4602BB4FE150063581C /* ViewController.swift */ = {isa = PBXFileReference; lastKnownFileType = sourcecode.swift; path = ViewController.swift; sourceTree = "<group>"; };
		F5A3B4632BB4FE150063581C /* Base */ = {isa = PBXFileReference; lastKnownFileType = file.storyboard; name = Base; path = Base.lproj/Main.storyboard; sourceTree = "<group>"; };
		F5A3B4652BB4FE150063581C /* Assets.xcassets */ = {isa = PBXFileReference; lastKnownFileType = folder.assetcatalog; path = Assets.xcassets; sourceTree = "<group>"; };
		F5A3B4682BB4FE160063581C /* Base */ = {isa = PBXFileReference; lastKnownFileType = file.storyboard; name = Base; path = Base.lproj/LaunchScreen.storyboard; sourceTree = "<group>"; };
		F5A3B46A2BB4FE160063581C /* Info.plist */ = {isa = PBXFileReference; lastKnownFileType = text.plist.xml; path = Info.plist; sourceTree = "<group>"; };
		F5A3B46F2BB4FE160063581C /* TableStoryTests.xctest */ = {isa = PBXFileReference; explicitFileType = wrapper.cfbundle; includeInIndex = 0; path = TableStoryTests.xctest; sourceTree = BUILT_PRODUCTS_DIR; };
		F5A3B4732BB4FE160063581C /* TableStoryTests.swift */ = {isa = PBXFileReference; lastKnownFileType = sourcecode.swift; path = TableStoryTests.swift; sourceTree = "<group>"; };
		F5A3B4792BB4FE160063581C /* TableStoryUITests.xctest */ = {isa = PBXFileReference; explicitFileType = wrapper.cfbundle; includeInIndex = 0; path = TableStoryUITests.xctest; sourceTree = BUILT_PRODUCTS_DIR; };
		F5A3B47D2BB4FE160063581C /* TableStoryUITests.swift */ = {isa = PBXFileReference; lastKnownFileType = sourcecode.swift; path = TableStoryUITests.swift; sourceTree = "<group>"; };
		F5A3B47F2BB4FE160063581C /* TableStoryUITestsLaunchTests.swift */ = {isa = PBXFileReference; lastKnownFileType = sourcecode.swift; path = TableStoryUITestsLaunchTests.swift; sourceTree = "<group>"; };
		F5A3B4922BB506470063581C /* DetailViewController.swift */ = {isa = PBXFileReference; lastKnownFileType = sourcecode.swift; path = DetailViewController.swift; sourceTree = "<group>"; };
/* End PBXFileReference section */

/* Begin PBXFrameworksBuildPhase section */
		F5A3B4562BB4FE140063581C /* Frameworks */ = {
			isa = PBXFrameworksBuildPhase;
			buildActionMask = 2147483647;
			files = (
			);
			runOnlyForDeploymentPostprocessing = 0;
		};
		F5A3B46C2BB4FE160063581C /* Frameworks */ = {
			isa = PBXFrameworksBuildPhase;
			buildActionMask = 2147483647;
			files = (
			);
			runOnlyForDeploymentPostprocessing = 0;
		};
		F5A3B4762BB4FE160063581C /* Frameworks */ = {
			isa = PBXFrameworksBuildPhase;
			buildActionMask = 2147483647;
			files = (
			);
			runOnlyForDeploymentPostprocessing = 0;
		};
/* End PBXFrameworksBuildPhase section */

/* Begin PBXGroup section */
		F5A3B4502BB4FE140063581C = {
			isa = PBXGroup;
			children = (
				F5A3B45B2BB4FE150063581C /* TableStory */,
				F5A3B4722BB4FE160063581C /* TableStoryTests */,
				F5A3B47C2BB4FE160063581C /* TableStoryUITests */,
				F5A3B45A2BB4FE150063581C /* Products */,
			);
			sourceTree = "<group>";
		};
		F5A3B45A2BB4FE150063581C /* Products */ = {
			isa = PBXGroup;
			children = (
				F5A3B4592BB4FE150063581C /* TableStory.app */,
				F5A3B46F2BB4FE160063581C /* TableStoryTests.xctest */,
				F5A3B4792BB4FE160063581C /* TableStoryUITests.xctest */,
			);
			name = Products;
			sourceTree = "<group>";
		};
		F5A3B45B2BB4FE150063581C /* TableStory */ = {
			isa = PBXGroup;
			children = (
				F5A3B45C2BB4FE150063581C /* AppDelegate.swift */,
				F5A3B45E2BB4FE150063581C /* SceneDelegate.swift */,
				F5A3B4602BB4FE150063581C /* ViewController.swift */,
				F5A3B4622BB4FE150063581C /* Main.storyboard */,
				F5A3B4922BB506470063581C /* DetailViewController.swift */,
				F5A3B4652BB4FE150063581C /* Assets.xcassets */,
				F5A3B4672BB4FE150063581C /* LaunchScreen.storyboard */,
				F5A3B46A2BB4FE160063581C /* Info.plist */,
			);
			path = TableStory;
			sourceTree = "<group>";
		};
		F5A3B4722BB4FE160063581C /* TableStoryTests */ = {
			isa = PBXGroup;
			children = (
				F5A3B4732BB4FE160063581C /* TableStoryTests.swift */,
			);
			path = TableStoryTests;
			sourceTree = "<group>";
		};
		F5A3B47C2BB4FE160063581C /* TableStoryUITests */ = {
			isa = PBXGroup;
			children = (
				F5A3B47D2BB4FE160063581C /* TableStoryUITests.swift */,
				F5A3B47F2BB4FE160063581C /* TableStoryUITestsLaunchTests.swift */,
			);
			path = TableStoryUITests;
			sourceTree = "<group>";
		};
/* End PBXGroup section */

/* Begin PBXNativeTarget section */
		F5A3B4582BB4FE140063581C /* TableStory */ = {
			isa = PBXNativeTarget;
			buildConfigurationList = F5A3B4832BB4FE160063581C /* Build configuration list for PBXNativeTarget "TableStory" */;
			buildPhases = (
				F5A3B4552BB4FE140063581C /* Sources */,
				F5A3B4562BB4FE140063581C /* Frameworks */,
				F5A3B4572BB4FE140063581C /* Resources */,
			);
			buildRules = (
			);
			dependencies = (
			);
			name = TableStory;
			productName = TableStory;
			productReference = F5A3B4592BB4FE150063581C /* TableStory.app */;
			productType = "com.apple.product-type.application";
		};
		F5A3B46E2BB4FE160063581C /* TableStoryTests */ = {
			isa = PBXNativeTarget;
			buildConfigurationList = F5A3B4862BB4FE160063581C /* Build configuration list for PBXNativeTarget "TableStoryTests" */;
			buildPhases = (
				F5A3B46B2BB4FE160063581C /* Sources */,
				F5A3B46C2BB4FE160063581C /* Frameworks */,
				F5A3B46D2BB4FE160063581C /* Resources */,
			);
			buildRules = (
			);
			dependencies = (
				F5A3B4712BB4FE160063581C /* PBXTargetDependency */,
			);
			name = TableStoryTests;
			productName = TableStoryTests;
			productReference = F5A3B46F2BB4FE160063581C /* TableStoryTests.xctest */;
			productType = "com.apple.product-type.bundle.unit-test";
		};
		F5A3B4782BB4FE160063581C /* TableStoryUITests */ = {
			isa = PBXNativeTarget;
			buildConfigurationList = F5A3B4892BB4FE160063581C /* Build configuration list for PBXNativeTarget "TableStoryUITests" */;
			buildPhases = (
				F5A3B4752BB4FE160063581C /* Sources */,
				F5A3B4762BB4FE160063581C /* Frameworks */,
				F5A3B4772BB4FE160063581C /* Resources */,
			);
			buildRules = (
			);
			dependencies = (
				F5A3B47B2BB4FE160063581C /* PBXTargetDependency */,
			);
			name = TableStoryUITests;
			productName = TableStoryUITests;
			productReference = F5A3B4792BB4FE160063581C /* TableStoryUITests.xctest */;
			productType = "com.apple.product-type.bundle.ui-testing";
		};
/* End PBXNativeTarget section */

/* Begin PBXProject section */
		F5A3B4512BB4FE140063581C /* Project object */ = {
			isa = PBXProject;
			attributes = {
				BuildIndependentTargetsInParallel = 1;
				LastSwiftUpdateCheck = 1530;
				LastUpgradeCheck = 1530;
				TargetAttributes = {
					F5A3B4582BB4FE140063581C = {
						CreatedOnToolsVersion = 15.3;
					};
					F5A3B46E2BB4FE160063581C = {
						CreatedOnToolsVersion = 15.3;
						TestTargetID = F5A3B4582BB4FE140063581C;
					};
					F5A3B4782BB4FE160063581C = {
						CreatedOnToolsVersion = 15.3;
						TestTargetID = F5A3B4582BB4FE140063581C;
					};
				};
			};
			buildConfigurationList = F5A3B4542BB4FE140063581C /* Build configuration list for PBXProject "TableStory" */;
			compatibilityVersion = "Xcode 14.0";
			developmentRegion = en;
			hasScannedForEncodings = 0;
			knownRegions = (
				en,
				Base,
			);
			mainGroup = F5A3B4502BB4FE140063581C;
			productRefGroup = F5A3B45A2BB4FE150063581C /* Products */;
			projectDirPath = "";
			projectRoot = "";
			targets = (
				F5A3B4582BB4FE140063581C /* TableStory */,
				F5A3B46E2BB4FE160063581C /* TableStoryTests */,
				F5A3B4782BB4FE160063581C /* TableStoryUITests */,
			);
		};
/* End PBXProject section */

/* Begin PBXResourcesBuildPhase section */
		F5A3B4572BB4FE140063581C /* Resources */ = {
			isa = PBXResourcesBuildPhase;
			buildActionMask = 2147483647;
			files = (
				F5A3B4662BB4FE150063581C /* Assets.xcassets in Resources */,
				F5A3B4692BB4FE160063581C /* Base in Resources */,
				F5A3B4642BB4FE150063581C /* Base in Resources */,
			);
			runOnlyForDeploymentPostprocessing = 0;
		};
		F5A3B46D2BB4FE160063581C /* Resources */ = {
			isa = PBXResourcesBuildPhase;
			buildActionMask = 2147483647;
			files = (
			);
			runOnlyForDeploymentPostprocessing = 0;
		};
		F5A3B4772BB4FE160063581C /* Resources */ = {
			isa = PBXResourcesBuildPhase;
			buildActionMask = 2147483647;
			files = (
			);
			runOnlyForDeploymentPostprocessing = 0;
		};
/* End PBXResourcesBuildPhase section */

/* Begin PBXSourcesBuildPhase section */
		F5A3B4552BB4FE140063581C /* Sources */ = {
			isa = PBXSourcesBuildPhase;
			buildActionMask = 2147483647;
			files = (
				F5A3B4612BB4FE150063581C /* ViewController.swift in Sources */,
				F5A3B45D2BB4FE150063581C /* AppDelegate.swift in Sources */,
				F5A3B45F2BB4FE150063581C /* SceneDelegate.swift in Sources */,
				F5A3B4932BB506470063581C /* DetailViewController.swift in Sources */,
			);
			runOnlyForDeploymentPostprocessing = 0;
		};
		F5A3B46B2BB4FE160063581C /* Sources */ = {
			isa = PBXSourcesBuildPhase;
			buildActionMask = 2147483647;
			files = (
				F5A3B4742BB4FE160063581C /* TableStoryTests.swift in Sources */,
			);
			runOnlyForDeploymentPostprocessing = 0;
		};
		F5A3B4752BB4FE160063581C /* Sources */ = {
			isa = PBXSourcesBuildPhase;
			buildActionMask = 2147483647;
			files = (
				F5A3B47E2BB4FE160063581C /* TableStoryUITests.swift in Sources */,
				F5A3B4802BB4FE160063581C /* TableStoryUITestsLaunchTests.swift in Sources */,
			);
			runOnlyForDeploymentPostprocessing = 0;
		};
/* End PBXSourcesBuildPhase section */

/* Begin PBXTargetDependency section */
		F5A3B4712BB4FE160063581C /* PBXTargetDependency */ = {
			isa = PBXTargetDependency;
			target = F5A3B4582BB4FE140063581C /* TableStory */;
			targetProxy = F5A3B4702BB4FE160063581C /* PBXContainerItemProxy */;
		};
		F5A3B47B2BB4FE160063581C /* PBXTargetDependency */ = {
			isa = PBXTargetDependency;
			target = F5A3B4582BB4FE140063581C /* TableStory */;
			targetProxy = F5A3B47A2BB4FE160063581C /* PBXContainerItemProxy */;
		};
/* End PBXTargetDependency section */

/* Begin PBXVariantGroup section */
		F5A3B4622BB4FE150063581C /* Main.storyboard */ = {
			isa = PBXVariantGroup;
			children = (
				F5A3B4632BB4FE150063581C /* Base */,
			);
			name = Main.storyboard;
			sourceTree = "<group>";
		};
		F5A3B4672BB4FE150063581C /* LaunchScreen.storyboard */ = {
			isa = PBXVariantGroup;
			children = (
				F5A3B4682BB4FE160063581C /* Base */,
			);
			name = LaunchScreen.storyboard;
			sourceTree = "<group>";
		};
/* End PBXVariantGroup section */

/* Begin XCBuildConfiguration section */
		F5A3B4812BB4FE160063581C /* Debug */ = {
			isa = XCBuildConfiguration;
			buildSettings = {
				ALWAYS_SEARCH_USER_PATHS = NO;
				ASSETCATALOG_COMPILER_GENERATE_SWIFT_ASSET_SYMBOL_EXTENSIONS = YES;
				CLANG_ANALYZER_NONNULL = YES;
				CLANG_ANALYZER_NUMBER_OBJECT_CONVERSION = YES_AGGRESSIVE;
				CLANG_CXX_LANGUAGE_STANDARD = "gnu++20";
				CLANG_ENABLE_MODULES = YES;
				CLANG_ENABLE_OBJC_ARC = YES;
				CLANG_ENABLE_OBJC_WEAK = YES;
				CLANG_WARN_BLOCK_CAPTURE_AUTORELEASING = YES;
				CLANG_WARN_BOOL_CONVERSION = YES;
				CLANG_WARN_COMMA = YES;
				CLANG_WARN_CONSTANT_CONVERSION = YES;
				CLANG_WARN_DEPRECATED_OBJC_IMPLEMENTATIONS = YES;
				CLANG_WARN_DIRECT_OBJC_ISA_USAGE = YES_ERROR;
				CLANG_WARN_DOCUMENTATION_COMMENTS = YES;
				CLANG_WARN_EMPTY_BODY = YES;
				CLANG_WARN_ENUM_CONVERSION = YES;
				CLANG_WARN_INFINITE_RECURSION = YES;
				CLANG_WARN_INT_CONVERSION = YES;
				CLANG_WARN_NON_LITERAL_NULL_CONVERSION = YES;
				CLANG_WARN_OBJC_IMPLICIT_RETAIN_SELF = YES;
				CLANG_WARN_OBJC_LITERAL_CONVERSION = YES;
				CLANG_WARN_OBJC_ROOT_CLASS = YES_ERROR;
				CLANG_WARN_QUOTED_INCLUDE_IN_FRAMEWORK_HEADER = YES;
				CLANG_WARN_RANGE_LOOP_ANALYSIS = YES;
				CLANG_WARN_STRICT_PROTOTYPES = YES;
				CLANG_WARN_SUSPICIOUS_MOVE = YES;
				CLANG_WARN_UNGUARDED_AVAILABILITY = YES_AGGRESSIVE;
				CLANG_WARN_UNREACHABLE_CODE = YES;
				CLANG_WARN__DUPLICATE_METHOD_MATCH = YES;
				COPY_PHASE_STRIP = NO;
				DEBUG_INFORMATION_FORMAT = dwarf;
				ENABLE_STRICT_OBJC_MSGSEND = YES;
				ENABLE_TESTABILITY = YES;
				ENABLE_USER_SCRIPT_SANDBOXING = YES;
				GCC_C_LANGUAGE_STANDARD = gnu17;
				GCC_DYNAMIC_NO_PIC = NO;
				GCC_NO_COMMON_BLOCKS = YES;
				GCC_OPTIMIZATION_LEVEL = 0;
				GCC_PREPROCESSOR_DEFINITIONS = (
					"DEBUG=1",
					"$(inherited)",
				);
				GCC_WARN_64_TO_32_BIT_CONVERSION = YES;
				GCC_WARN_ABOUT_RETURN_TYPE = YES_ERROR;
				GCC_WARN_UNDECLARED_SELECTOR = YES;
				GCC_WARN_UNINITIALIZED_AUTOS = YES_AGGRESSIVE;
				GCC_WARN_UNUSED_FUNCTION = YES;
				GCC_WARN_UNUSED_VARIABLE = YES;
				IPHONEOS_DEPLOYMENT_TARGET = 17.4;
				LOCALIZATION_PREFERS_STRING_CATALOGS = YES;
				MTL_ENABLE_DEBUG_INFO = INCLUDE_SOURCE;
				MTL_FAST_MATH = YES;
				ONLY_ACTIVE_ARCH = YES;
				SDKROOT = iphoneos;
				SWIFT_ACTIVE_COMPILATION_CONDITIONS = "DEBUG $(inherited)";
				SWIFT_OPTIMIZATION_LEVEL = "-Onone";
			};
			name = Debug;
		};
		F5A3B4822BB4FE160063581C /* Release */ = {
			isa = XCBuildConfiguration;
			buildSettings = {
				ALWAYS_SEARCH_USER_PATHS = NO;
				ASSETCATALOG_COMPILER_GENERATE_SWIFT_ASSET_SYMBOL_EXTENSIONS = YES;
				CLANG_ANALYZER_NONNULL = YES;
				CLANG_ANALYZER_NUMBER_OBJECT_CONVERSION = YES_AGGRESSIVE;
				CLANG_CXX_LANGUAGE_STANDARD = "gnu++20";
				CLANG_ENABLE_MODULES = YES;
				CLANG_ENABLE_OBJC_ARC = YES;
				CLANG_ENABLE_OBJC_WEAK = YES;
				CLANG_WARN_BLOCK_CAPTURE_AUTORELEASING = YES;
				CLANG_WARN_BOOL_CONVERSION = YES;
				CLANG_WARN_COMMA = YES;
				CLANG_WARN_CONSTANT_CONVERSION = YES;
				CLANG_WARN_DEPRECATED_OBJC_IMPLEMENTATIONS = YES;
				CLANG_WARN_DIRECT_OBJC_ISA_USAGE = YES_ERROR;
				CLANG_WARN_DOCUMENTATION_COMMENTS = YES;
				CLANG_WARN_EMPTY_BODY = YES;
				CLANG_WARN_ENUM_CONVERSION = YES;
				CLANG_WARN_INFINITE_RECURSION = YES;
				CLANG_WARN_INT_CONVERSION = YES;
				CLANG_WARN_NON_LITERAL_NULL_CONVERSION = YES;
				CLANG_WARN_OBJC_IMPLICIT_RETAIN_SELF = YES;
				CLANG_WARN_OBJC_LITERAL_CONVERSION = YES;
				CLANG_WARN_OBJC_ROOT_CLASS = YES_ERROR;
				CLANG_WARN_QUOTED_INCLUDE_IN_FRAMEWORK_HEADER = YES;
				CLANG_WARN_RANGE_LOOP_ANALYSIS = YES;
				CLANG_WARN_STRICT_PROTOTYPES = YES;
				CLANG_WARN_SUSPICIOUS_MOVE = YES;
				CLANG_WARN_UNGUARDED_AVAILABILITY = YES_AGGRESSIVE;
				CLANG_WARN_UNREACHABLE_CODE = YES;
				CLANG_WARN__DUPLICATE_METHOD_MATCH = YES;
				COPY_PHASE_STRIP = NO;
				DEBUG_INFORMATION_FORMAT = "dwarf-with-dsym";
				ENABLE_NS_ASSERTIONS = NO;
				ENABLE_STRICT_OBJC_MSGSEND = YES;
				ENABLE_USER_SCRIPT_SANDBOXING = YES;
				GCC_C_LANGUAGE_STANDARD = gnu17;
				GCC_NO_COMMON_BLOCKS = YES;
				GCC_WARN_64_TO_32_BIT_CONVERSION = YES;
				GCC_WARN_ABOUT_RETURN_TYPE = YES_ERROR;
				GCC_WARN_UNDECLARED_SELECTOR = YES;
				GCC_WARN_UNINITIALIZED_AUTOS = YES_AGGRESSIVE;
				GCC_WARN_UNUSED_FUNCTION = YES;
				GCC_WARN_UNUSED_VARIABLE = YES;
				IPHONEOS_DEPLOYMENT_TARGET = 17.4;
				LOCALIZATION_PREFERS_STRING_CATALOGS = YES;
				MTL_ENABLE_DEBUG_INFO = NO;
				MTL_FAST_MATH = YES;
				SDKROOT = iphoneos;
				SWIFT_COMPILATION_MODE = wholemodule;
				VALIDATE_PRODUCT = YES;
			};
			name = Release;
		};
		F5A3B4842BB4FE160063581C /* Debug */ = {
			isa = XCBuildConfiguration;
			buildSettings = {
				ASSETCATALOG_COMPILER_APPICON_NAME = AppIcon;
				ASSETCATALOG_COMPILER_GLOBAL_ACCENT_COLOR_NAME = AccentColor;
				CODE_SIGN_STYLE = Automatic;
				CURRENT_PROJECT_VERSION = 1;
				DEVELOPMENT_TEAM = XS43XH2B9J;
				GENERATE_INFOPLIST_FILE = YES;
				INFOPLIST_FILE = TableStory/Info.plist;
				INFOPLIST_KEY_UIApplicationSupportsIndirectInputEvents = YES;
				INFOPLIST_KEY_UILaunchStoryboardName = LaunchScreen;
				INFOPLIST_KEY_UIMainStoryboardFile = Main;
				INFOPLIST_KEY_UISupportedInterfaceOrientations_iPad = "UIInterfaceOrientationPortrait UIInterfaceOrientationPortraitUpsideDown UIInterfaceOrientationLandscapeLeft UIInterfaceOrientationLandscapeRight";
				INFOPLIST_KEY_UISupportedInterfaceOrientations_iPhone = "UIInterfaceOrientationPortrait UIInterfaceOrientationLandscapeLeft UIInterfaceOrientationLandscapeRight";
				LD_RUNPATH_SEARCH_PATHS = (
					"$(inherited)",
					"@executable_path/Frameworks",
				);
				MARKETING_VERSION = 1.0;
				PRODUCT_BUNDLE_IDENTIFIER = com.wyattdesign.TableStory;
				PRODUCT_NAME = "$(TARGET_NAME)";
				SWIFT_EMIT_LOC_STRINGS = YES;
				SWIFT_VERSION = 5.0;
				TARGETED_DEVICE_FAMILY = "1,2";
			};
			name = Debug;
		};
		F5A3B4852BB4FE160063581C /* Release */ = {
			isa = XCBuildConfiguration;
			buildSettings = {
				ASSETCATALOG_COMPILER_APPICON_NAME = AppIcon;
				ASSETCATALOG_COMPILER_GLOBAL_ACCENT_COLOR_NAME = AccentColor;
				CODE_SIGN_STYLE = Automatic;
				CURRENT_PROJECT_VERSION = 1;
				DEVELOPMENT_TEAM = XS43XH2B9J;
				GENERATE_INFOPLIST_FILE = YES;
				INFOPLIST_FILE = TableStory/Info.plist;
				INFOPLIST_KEY_UIApplicationSupportsIndirectInputEvents = YES;
				INFOPLIST_KEY_UILaunchStoryboardName = LaunchScreen;
				INFOPLIST_KEY_UIMainStoryboardFile = Main;
				INFOPLIST_KEY_UISupportedInterfaceOrientations_iPad = "UIInterfaceOrientationPortrait UIInterfaceOrientationPortraitUpsideDown UIInterfaceOrientationLandscapeLeft UIInterfaceOrientationLandscapeRight";
				INFOPLIST_KEY_UISupportedInterfaceOrientations_iPhone = "UIInterfaceOrientationPortrait UIInterfaceOrientationLandscapeLeft UIInterfaceOrientationLandscapeRight";
				LD_RUNPATH_SEARCH_PATHS = (
					"$(inherited)",
					"@executable_path/Frameworks",
				);
				MARKETING_VERSION = 1.0;
				PRODUCT_BUNDLE_IDENTIFIER = com.wyattdesign.TableStory;
				PRODUCT_NAME = "$(TARGET_NAME)";
				SWIFT_EMIT_LOC_STRINGS = YES;
				SWIFT_VERSION = 5.0;
				TARGETED_DEVICE_FAMILY = "1,2";
			};
			name = Release;
		};
		F5A3B4872BB4FE160063581C /* Debug */ = {
			isa = XCBuildConfiguration;
			buildSettings = {
				ALWAYS_EMBED_SWIFT_STANDARD_LIBRARIES = YES;
				BUNDLE_LOADER = "$(TEST_HOST)";
				CODE_SIGN_STYLE = Automatic;
				CURRENT_PROJECT_VERSION = 1;
				GENERATE_INFOPLIST_FILE = YES;
				IPHONEOS_DEPLOYMENT_TARGET = 17.4;
				MARKETING_VERSION = 1.0;
				PRODUCT_BUNDLE_IDENTIFIER = com.wyattdesign.TableStoryTests;
				PRODUCT_NAME = "$(TARGET_NAME)";
				SWIFT_EMIT_LOC_STRINGS = NO;
				SWIFT_VERSION = 5.0;
				TARGETED_DEVICE_FAMILY = "1,2";
				TEST_HOST = "$(BUILT_PRODUCTS_DIR)/TableStory.app/$(BUNDLE_EXECUTABLE_FOLDER_PATH)/TableStory";
			};
			name = Debug;
		};
		F5A3B4882BB4FE160063581C /* Release */ = {
			isa = XCBuildConfiguration;
			buildSettings = {
				ALWAYS_EMBED_SWIFT_STANDARD_LIBRARIES = YES;
				BUNDLE_LOADER = "$(TEST_HOST)";
				CODE_SIGN_STYLE = Automatic;
				CURRENT_PROJECT_VERSION = 1;
				GENERATE_INFOPLIST_FILE = YES;
				IPHONEOS_DEPLOYMENT_TARGET = 17.4;
				MARKETING_VERSION = 1.0;
				PRODUCT_BUNDLE_IDENTIFIER = com.wyattdesign.TableStoryTests;
				PRODUCT_NAME = "$(TARGET_NAME)";
				SWIFT_EMIT_LOC_STRINGS = NO;
				SWIFT_VERSION = 5.0;
				TARGETED_DEVICE_FAMILY = "1,2";
				TEST_HOST = "$(BUILT_PRODUCTS_DIR)/TableStory.app/$(BUNDLE_EXECUTABLE_FOLDER_PATH)/TableStory";
			};
			name = Release;
		};
		F5A3B48A2BB4FE160063581C /* Debug */ = {
			isa = XCBuildConfiguration;
			buildSettings = {
				ALWAYS_EMBED_SWIFT_STANDARD_LIBRARIES = YES;
				CODE_SIGN_STYLE = Automatic;
				CURRENT_PROJECT_VERSION = 1;
				GENERATE_INFOPLIST_FILE = YES;
				MARKETING_VERSION = 1.0;
				PRODUCT_BUNDLE_IDENTIFIER = com.wyattdesign.TableStoryUITests;
				PRODUCT_NAME = "$(TARGET_NAME)";
				SWIFT_EMIT_LOC_STRINGS = NO;
				SWIFT_VERSION = 5.0;
				TARGETED_DEVICE_FAMILY = "1,2";
				TEST_TARGET_NAME = TableStory;
			};
			name = Debug;
		};
		F5A3B48B2BB4FE160063581C /* Release */ = {
			isa = XCBuildConfiguration;
			buildSettings = {
				ALWAYS_EMBED_SWIFT_STANDARD_LIBRARIES = YES;
				CODE_SIGN_STYLE = Automatic;
				CURRENT_PROJECT_VERSION = 1;
				GENERATE_INFOPLIST_FILE = YES;
				MARKETING_VERSION = 1.0;
				PRODUCT_BUNDLE_IDENTIFIER = com.wyattdesign.TableStoryUITests;
				PRODUCT_NAME = "$(TARGET_NAME)";
				SWIFT_EMIT_LOC_STRINGS = NO;
				SWIFT_VERSION = 5.0;
				TARGETED_DEVICE_FAMILY = "1,2";
				TEST_TARGET_NAME = TableStory;
			};
			name = Release;
		};
/* End XCBuildConfiguration section */

/* Begin XCConfigurationList section */
		F5A3B4542BB4FE140063581C /* Build configuration list for PBXProject "TableStory" */ = {
			isa = XCConfigurationList;
			buildConfigurations = (
				F5A3B4812BB4FE160063581C /* Debug */,
				F5A3B4822BB4FE160063581C /* Release */,
			);
			defaultConfigurationIsVisible = 0;
			defaultConfigurationName = Release;
		};
		F5A3B4832BB4FE160063581C /* Build configuration list for PBXNativeTarget "TableStory" */ = {
			isa = XCConfigurationList;
			buildConfigurations = (
				F5A3B4842BB4FE160063581C /* Debug */,
				F5A3B4852BB4FE160063581C /* Release */,
			);
			defaultConfigurationIsVisible = 0;
			defaultConfigurationName = Release;
		};
		F5A3B4862BB4FE160063581C /* Build configuration list for PBXNativeTarget "TableStoryTests" */ = {
			isa = XCConfigurationList;
			buildConfigurations = (
				F5A3B4872BB4FE160063581C /* Debug */,
				F5A3B4882BB4FE160063581C /* Release */,
			);
			defaultConfigurationIsVisible = 0;
			defaultConfigurationName = Release;
		};
		F5A3B4892BB4FE160063581C /* Build configuration list for PBXNativeTarget "TableStoryUITests" */ = {
			isa = XCConfigurationList;
			buildConfigurations = (
				F5A3B48A2BB4FE160063581C /* Debug */,
				F5A3B48B2BB4FE160063581C /* Release */,
			);
			defaultConfigurationIsVisible = 0;
			defaultConfigurationName = Release;
		};
/* End XCConfigurationList section */
	};
	rootObject = F5A3B4512BB4FE140063581C /* Project object */;
}
